// !$*UTF8*$!
{
	archiveVersion = 1;
	classes = {
	};
	objectVersion = 50;
	objects = {

/* Begin PBXBuildFile section */
		A6886C11212DFB5B00D9EBD6 /* TutorialListController.swift in Sources */ = {isa = PBXBuildFile; fileRef = A6886C10212DFB5A00D9EBD6 /* TutorialListController.swift */; };
		A6886C14212DFD1D00D9EBD6 /* TutorialBasicController.swift in Sources */ = {isa = PBXBuildFile; fileRef = A6886C13212DFD1D00D9EBD6 /* TutorialBasicController.swift */; };
		A6C727A62134A1AF0077DBE3 /* MockService.swift in Sources */ = {isa = PBXBuildFile; fileRef = A6C727A52134A1AF0077DBE3 /* MockService.swift */; };
		A6CB1949211C833900CDEF52 /* AppDelegate.swift in Sources */ = {isa = PBXBuildFile; fileRef = A6CB1948211C833900CDEF52 /* AppDelegate.swift */; };
		A6CB194B211C833900CDEF52 /* ViewController.swift in Sources */ = {isa = PBXBuildFile; fileRef = A6CB194A211C833900CDEF52 /* ViewController.swift */; };
		A6CB194E211C833900CDEF52 /* Main.storyboard in Resources */ = {isa = PBXBuildFile; fileRef = A6CB194C211C833900CDEF52 /* Main.storyboard */; };
		A6CB1950211C833A00CDEF52 /* Assets.xcassets in Resources */ = {isa = PBXBuildFile; fileRef = A6CB194F211C833A00CDEF52 /* Assets.xcassets */; };
		A6CB1953211C833A00CDEF52 /* LaunchScreen.storyboard in Resources */ = {isa = PBXBuildFile; fileRef = A6CB1951211C833A00CDEF52 /* LaunchScreen.storyboard */; };
		A6CB195E211C833A00CDEF52 /* DemoTests.swift in Sources */ = {isa = PBXBuildFile; fileRef = A6CB195D211C833A00CDEF52 /* DemoTests.swift */; };
		A6CB1969211C833A00CDEF52 /* DemoUITests.swift in Sources */ = {isa = PBXBuildFile; fileRef = A6CB1968211C833A00CDEF52 /* DemoUITests.swift */; };
/* End PBXBuildFile section */

/* Begin PBXContainerItemProxy section */
		A6CB195A211C833A00CDEF52 /* PBXContainerItemProxy */ = {
			isa = PBXContainerItemProxy;
			containerPortal = A6CB193D211C833900CDEF52 /* Project object */;
			proxyType = 1;
			remoteGlobalIDString = A6CB1944211C833900CDEF52;
			remoteInfo = Demo;
		};
		A6CB1965211C833A00CDEF52 /* PBXContainerItemProxy */ = {
			isa = PBXContainerItemProxy;
			containerPortal = A6CB193D211C833900CDEF52 /* Project object */;
			proxyType = 1;
			remoteGlobalIDString = A6CB1944211C833900CDEF52;
			remoteInfo = Demo;
		};
/* End PBXContainerItemProxy section */

/* Begin PBXFileReference section */
		A6886C10212DFB5A00D9EBD6 /* TutorialListController.swift */ = {isa = PBXFileReference; lastKnownFileType = sourcecode.swift; path = TutorialListController.swift; sourceTree = "<group>"; };
		A6886C13212DFD1D00D9EBD6 /* TutorialBasicController.swift */ = {isa = PBXFileReference; lastKnownFileType = sourcecode.swift; path = TutorialBasicController.swift; sourceTree = "<group>"; };
		A6C727A52134A1AF0077DBE3 /* MockService.swift */ = {isa = PBXFileReference; lastKnownFileType = sourcecode.swift; path = MockService.swift; sourceTree = "<group>"; };
		A6CB1945211C833900CDEF52 /* Demo.app */ = {isa = PBXFileReference; explicitFileType = wrapper.application; includeInIndex = 0; path = Demo.app; sourceTree = BUILT_PRODUCTS_DIR; };
		A6CB1948211C833900CDEF52 /* AppDelegate.swift */ = {isa = PBXFileReference; lastKnownFileType = sourcecode.swift; path = AppDelegate.swift; sourceTree = "<group>"; };
		A6CB194A211C833900CDEF52 /* ViewController.swift */ = {isa = PBXFileReference; lastKnownFileType = sourcecode.swift; path = ViewController.swift; sourceTree = "<group>"; };
		A6CB194D211C833900CDEF52 /* Base */ = {isa = PBXFileReference; lastKnownFileType = file.storyboard; name = Base; path = Base.lproj/Main.storyboard; sourceTree = "<group>"; };
		A6CB194F211C833A00CDEF52 /* Assets.xcassets */ = {isa = PBXFileReference; lastKnownFileType = folder.assetcatalog; path = Assets.xcassets; sourceTree = "<group>"; };
		A6CB1952211C833A00CDEF52 /* Base */ = {isa = PBXFileReference; lastKnownFileType = file.storyboard; name = Base; path = Base.lproj/LaunchScreen.storyboard; sourceTree = "<group>"; };
		A6CB1954211C833A00CDEF52 /* Info.plist */ = {isa = PBXFileReference; lastKnownFileType = text.plist.xml; path = Info.plist; sourceTree = "<group>"; };
		A6CB1959211C833A00CDEF52 /* DemoTests.xctest */ = {isa = PBXFileReference; explicitFileType = wrapper.cfbundle; includeInIndex = 0; path = DemoTests.xctest; sourceTree = BUILT_PRODUCTS_DIR; };
		A6CB195D211C833A00CDEF52 /* DemoTests.swift */ = {isa = PBXFileReference; lastKnownFileType = sourcecode.swift; path = DemoTests.swift; sourceTree = "<group>"; };
		A6CB195F211C833A00CDEF52 /* Info.plist */ = {isa = PBXFileReference; lastKnownFileType = text.plist.xml; path = Info.plist; sourceTree = "<group>"; };
		A6CB1964211C833A00CDEF52 /* DemoUITests.xctest */ = {isa = PBXFileReference; explicitFileType = wrapper.cfbundle; includeInIndex = 0; path = DemoUITests.xctest; sourceTree = BUILT_PRODUCTS_DIR; };
		A6CB1968211C833A00CDEF52 /* DemoUITests.swift */ = {isa = PBXFileReference; lastKnownFileType = sourcecode.swift; path = DemoUITests.swift; sourceTree = "<group>"; };
		A6CB196A211C833A00CDEF52 /* Info.plist */ = {isa = PBXFileReference; lastKnownFileType = text.plist.xml; path = Info.plist; sourceTree = "<group>"; };
/* End PBXFileReference section */

/* Begin PBXFrameworksBuildPhase section */
		A6CB1942211C833900CDEF52 /* Frameworks */ = {
			isa = PBXFrameworksBuildPhase;
			buildActionMask = 2147483647;
			files = (
			);
			runOnlyForDeploymentPostprocessing = 0;
		};
		A6CB1956211C833A00CDEF52 /* Frameworks */ = {
			isa = PBXFrameworksBuildPhase;
			buildActionMask = 2147483647;
			files = (
			);
			runOnlyForDeploymentPostprocessing = 0;
		};
		A6CB1961211C833A00CDEF52 /* Frameworks */ = {
			isa = PBXFrameworksBuildPhase;
			buildActionMask = 2147483647;
			files = (
			);
			runOnlyForDeploymentPostprocessing = 0;
		};
/* End PBXFrameworksBuildPhase section */

/* Begin PBXGroup section */
		A6886C12212DFCF100D9EBD6 /* Tutorials */ = {
			isa = PBXGroup;
			children = (
				A6886C13212DFD1D00D9EBD6 /* TutorialBasicController.swift */,
				A6C727A52134A1AF0077DBE3 /* MockService.swift */,
			);
			path = Tutorials;
			sourceTree = "<group>";
		};
		A6CB193C211C833900CDEF52 = {
			isa = PBXGroup;
			children = (
				A6CB1947211C833900CDEF52 /* Demo */,
				A6CB195C211C833A00CDEF52 /* DemoTests */,
				A6CB1967211C833A00CDEF52 /* DemoUITests */,
				A6CB1946211C833900CDEF52 /* Products */,
			);
			sourceTree = "<group>";
		};
		A6CB1946211C833900CDEF52 /* Products */ = {
			isa = PBXGroup;
			children = (
				A6CB1945211C833900CDEF52 /* Demo.app */,
				A6CB1959211C833A00CDEF52 /* DemoTests.xctest */,
				A6CB1964211C833A00CDEF52 /* DemoUITests.xctest */,
			);
			name = Products;
			sourceTree = "<group>";
		};
		A6CB1947211C833900CDEF52 /* Demo */ = {
			isa = PBXGroup;
			children = (
				A6886C12212DFCF100D9EBD6 /* Tutorials */,
				A6886C10212DFB5A00D9EBD6 /* TutorialListController.swift */,
				A6CB1948211C833900CDEF52 /* AppDelegate.swift */,
				A6CB194A211C833900CDEF52 /* ViewController.swift */,
				A6CB194C211C833900CDEF52 /* Main.storyboard */,
				A6CB194F211C833A00CDEF52 /* Assets.xcassets */,
				A6CB1951211C833A00CDEF52 /* LaunchScreen.storyboard */,
				A6CB1954211C833A00CDEF52 /* Info.plist */,
			);
			path = Demo;
			sourceTree = "<group>";
		};
		A6CB195C211C833A00CDEF52 /* DemoTests */ = {
			isa = PBXGroup;
			children = (
				A6CB195D211C833A00CDEF52 /* DemoTests.swift */,
				A6CB195F211C833A00CDEF52 /* Info.plist */,
			);
			path = DemoTests;
			sourceTree = "<group>";
		};
		A6CB1967211C833A00CDEF52 /* DemoUITests */ = {
			isa = PBXGroup;
			children = (
				A6CB1968211C833A00CDEF52 /* DemoUITests.swift */,
				A6CB196A211C833A00CDEF52 /* Info.plist */,
			);
			path = DemoUITests;
			sourceTree = "<group>";
		};
/* End PBXGroup section */

/* Begin PBXNativeTarget section */
		A6CB1944211C833900CDEF52 /* Demo */ = {
			isa = PBXNativeTarget;
			buildConfigurationList = A6CB196D211C833A00CDEF52 /* Build configuration list for PBXNativeTarget "Demo" */;
			buildPhases = (
				A6CB1941211C833900CDEF52 /* Sources */,
				A6CB1942211C833900CDEF52 /* Frameworks */,
				A6CB1943211C833900CDEF52 /* Resources */,
			);
			buildRules = (
			);
			dependencies = (
			);
			name = Demo;
			productName = Demo;
			productReference = A6CB1945211C833900CDEF52 /* Demo.app */;
			productType = "com.apple.product-type.application";
		};
		A6CB1958211C833A00CDEF52 /* DemoTests */ = {
			isa = PBXNativeTarget;
			buildConfigurationList = A6CB1970211C833A00CDEF52 /* Build configuration list for PBXNativeTarget "DemoTests" */;
			buildPhases = (
				A6CB1955211C833A00CDEF52 /* Sources */,
				A6CB1956211C833A00CDEF52 /* Frameworks */,
				A6CB1957211C833A00CDEF52 /* Resources */,
			);
			buildRules = (
			);
			dependencies = (
				A6CB195B211C833A00CDEF52 /* PBXTargetDependency */,
			);
			name = DemoTests;
			productName = DemoTests;
			productReference = A6CB1959211C833A00CDEF52 /* DemoTests.xctest */;
			productType = "com.apple.product-type.bundle.unit-test";
		};
		A6CB1963211C833A00CDEF52 /* DemoUITests */ = {
			isa = PBXNativeTarget;
			buildConfigurationList = A6CB1973211C833A00CDEF52 /* Build configuration list for PBXNativeTarget "DemoUITests" */;
			buildPhases = (
				A6CB1960211C833A00CDEF52 /* Sources */,
				A6CB1961211C833A00CDEF52 /* Frameworks */,
				A6CB1962211C833A00CDEF52 /* Resources */,
			);
			buildRules = (
			);
			dependencies = (
				A6CB1966211C833A00CDEF52 /* PBXTargetDependency */,
			);
			name = DemoUITests;
			productName = DemoUITests;
			productReference = A6CB1964211C833A00CDEF52 /* DemoUITests.xctest */;
			productType = "com.apple.product-type.bundle.ui-testing";
		};
/* End PBXNativeTarget section */

/* Begin PBXProject section */
		A6CB193D211C833900CDEF52 /* Project object */ = {
			isa = PBXProject;
			attributes = {
				LastSwiftUpdateCheck = 0940;
				LastUpgradeCheck = 0940;
				ORGANIZATIONNAME = "Daniel Kiss";
				TargetAttributes = {
					A6CB1944211C833900CDEF52 = {
						CreatedOnToolsVersion = 9.4.1;
					};
					A6CB1958211C833A00CDEF52 = {
						CreatedOnToolsVersion = 9.4.1;
						TestTargetID = A6CB1944211C833900CDEF52;
					};
					A6CB1963211C833A00CDEF52 = {
						CreatedOnToolsVersion = 9.4.1;
						TestTargetID = A6CB1944211C833900CDEF52;
					};
				};
			};
			buildConfigurationList = A6CB1940211C833900CDEF52 /* Build configuration list for PBXProject "Demo" */;
			compatibilityVersion = "Xcode 9.3";
			developmentRegion = en;
			hasScannedForEncodings = 0;
			knownRegions = (
				en,
				Base,
			);
			mainGroup = A6CB193C211C833900CDEF52;
			productRefGroup = A6CB1946211C833900CDEF52 /* Products */;
			projectDirPath = "";
			projectRoot = "";
			targets = (
				A6CB1944211C833900CDEF52 /* Demo */,
				A6CB1958211C833A00CDEF52 /* DemoTests */,
				A6CB1963211C833A00CDEF52 /* DemoUITests */,
			);
		};
/* End PBXProject section */

/* Begin PBXResourcesBuildPhase section */
		A6CB1943211C833900CDEF52 /* Resources */ = {
			isa = PBXResourcesBuildPhase;
			buildActionMask = 2147483647;
			files = (
				A6CB1953211C833A00CDEF52 /* LaunchScreen.storyboard in Resources */,
				A6CB1950211C833A00CDEF52 /* Assets.xcassets in Resources */,
				A6CB194E211C833900CDEF52 /* Main.storyboard in Resources */,
			);
			runOnlyForDeploymentPostprocessing = 0;
		};
		A6CB1957211C833A00CDEF52 /* Resources */ = {
			isa = PBXResourcesBuildPhase;
			buildActionMask = 2147483647;
			files = (
			);
			runOnlyForDeploymentPostprocessing = 0;
		};
		A6CB1962211C833A00CDEF52 /* Resources */ = {
			isa = PBXResourcesBuildPhase;
			buildActionMask = 2147483647;
			files = (
			);
			runOnlyForDeploymentPostprocessing = 0;
		};
/* End PBXResourcesBuildPhase section */

/* Begin PBXSourcesBuildPhase section */
		A6CB1941211C833900CDEF52 /* Sources */ = {
			isa = PBXSourcesBuildPhase;
			buildActionMask = 2147483647;
			files = (
				A6CB194B211C833900CDEF52 /* ViewController.swift in Sources */,
				A6C727A62134A1AF0077DBE3 /* MockService.swift in Sources */,
				A6886C11212DFB5B00D9EBD6 /* TutorialListController.swift in Sources */,
				A6886C14212DFD1D00D9EBD6 /* TutorialBasicController.swift in Sources */,
				A6CB1949211C833900CDEF52 /* AppDelegate.swift in Sources */,
			);
			runOnlyForDeploymentPostprocessing = 0;
		};
		A6CB1955211C833A00CDEF52 /* Sources */ = {
			isa = PBXSourcesBuildPhase;
			buildActionMask = 2147483647;
			files = (
				A6CB195E211C833A00CDEF52 /* DemoTests.swift in Sources */,
			);
			runOnlyForDeploymentPostprocessing = 0;
		};
		A6CB1960211C833A00CDEF52 /* Sources */ = {
			isa = PBXSourcesBuildPhase;
			buildActionMask = 2147483647;
			files = (
				A6CB1969211C833A00CDEF52 /* DemoUITests.swift in Sources */,
			);
			runOnlyForDeploymentPostprocessing = 0;
		};
/* End PBXSourcesBuildPhase section */

/* Begin PBXTargetDependency section */
		A6CB195B211C833A00CDEF52 /* PBXTargetDependency */ = {
			isa = PBXTargetDependency;
			target = A6CB1944211C833900CDEF52 /* Demo */;
			targetProxy = A6CB195A211C833A00CDEF52 /* PBXContainerItemProxy */;
		};
		A6CB1966211C833A00CDEF52 /* PBXTargetDependency */ = {
			isa = PBXTargetDependency;
			target = A6CB1944211C833900CDEF52 /* Demo */;
			targetProxy = A6CB1965211C833A00CDEF52 /* PBXContainerItemProxy */;
		};
/* End PBXTargetDependency section */

/* Begin PBXVariantGroup section */
		A6CB194C211C833900CDEF52 /* Main.storyboard */ = {
			isa = PBXVariantGroup;
			children = (
				A6CB194D211C833900CDEF52 /* Base */,
			);
			name = Main.storyboard;
			sourceTree = "<group>";
		};
		A6CB1951211C833A00CDEF52 /* LaunchScreen.storyboard */ = {
			isa = PBXVariantGroup;
			children = (
				A6CB1952211C833A00CDEF52 /* Base */,
			);
			name = LaunchScreen.storyboard;
			sourceTree = "<group>";
		};
/* End PBXVariantGroup section */

/* Begin XCBuildConfiguration section */
		A6CB196B211C833A00CDEF52 /* Debug */ = {
			isa = XCBuildConfiguration;
			buildSettings = {
				ALWAYS_SEARCH_USER_PATHS = NO;
				CLANG_ANALYZER_NONNULL = YES;
				CLANG_ANALYZER_NUMBER_OBJECT_CONVERSION = YES_AGGRESSIVE;
				CLANG_CXX_LANGUAGE_STANDARD = "gnu++14";
				CLANG_CXX_LIBRARY = "libc++";
				CLANG_ENABLE_MODULES = YES;
				CLANG_ENABLE_OBJC_ARC = YES;
				CLANG_ENABLE_OBJC_WEAK = YES;
				CLANG_WARN_BLOCK_CAPTURE_AUTORELEASING = YES;
				CLANG_WARN_BOOL_CONVERSION = YES;
				CLANG_WARN_COMMA = YES;
				CLANG_WARN_CONSTANT_CONVERSION = YES;
				CLANG_WARN_DEPRECATED_OBJC_IMPLEMENTATIONS = YES;
				CLANG_WARN_DIRECT_OBJC_ISA_USAGE = YES_ERROR;
				CLANG_WARN_DOCUMENTATION_COMMENTS = YES;
				CLANG_WARN_EMPTY_BODY = YES;
				CLANG_WARN_ENUM_CONVERSION = YES;
				CLANG_WARN_INFINITE_RECURSION = YES;
				CLANG_WARN_INT_CONVERSION = YES;
				CLANG_WARN_NON_LITERAL_NULL_CONVERSION = YES;
				CLANG_WARN_OBJC_IMPLICIT_RETAIN_SELF = YES;
				CLANG_WARN_OBJC_LITERAL_CONVERSION = YES;
				CLANG_WARN_OBJC_ROOT_CLASS = YES_ERROR;
				CLANG_WARN_RANGE_LOOP_ANALYSIS = YES;
				CLANG_WARN_STRICT_PROTOTYPES = YES;
				CLANG_WARN_SUSPICIOUS_MOVE = YES;
				CLANG_WARN_UNGUARDED_AVAILABILITY = YES_AGGRESSIVE;
				CLANG_WARN_UNREACHABLE_CODE = YES;
				CLANG_WARN__DUPLICATE_METHOD_MATCH = YES;
				CODE_SIGN_IDENTITY = "iPhone Developer";
				COPY_PHASE_STRIP = NO;
				DEBUG_INFORMATION_FORMAT = dwarf;
				ENABLE_STRICT_OBJC_MSGSEND = YES;
				ENABLE_TESTABILITY = YES;
				GCC_C_LANGUAGE_STANDARD = gnu11;
				GCC_DYNAMIC_NO_PIC = NO;
				GCC_NO_COMMON_BLOCKS = YES;
				GCC_OPTIMIZATION_LEVEL = 0;
				GCC_PREPROCESSOR_DEFINITIONS = (
					"DEBUG=1",
					"$(inherited)",
				);
				GCC_WARN_64_TO_32_BIT_CONVERSION = YES;
				GCC_WARN_ABOUT_RETURN_TYPE = YES_ERROR;
				GCC_WARN_UNDECLARED_SELECTOR = YES;
				GCC_WARN_UNINITIALIZED_AUTOS = YES_AGGRESSIVE;
				GCC_WARN_UNUSED_FUNCTION = YES;
				GCC_WARN_UNUSED_VARIABLE = YES;
				IPHONEOS_DEPLOYMENT_TARGET = 11.4;
				MTL_ENABLE_DEBUG_INFO = YES;
				ONLY_ACTIVE_ARCH = YES;
				SDKROOT = iphoneos;
				SWIFT_ACTIVE_COMPILATION_CONDITIONS = DEBUG;
				SWIFT_OPTIMIZATION_LEVEL = "-Onone";
			};
			name = Debug;
		};
		A6CB196C211C833A00CDEF52 /* Release */ = {
			isa = XCBuildConfiguration;
			buildSettings = {
				ALWAYS_SEARCH_USER_PATHS = NO;
				CLANG_ANALYZER_NONNULL = YES;
				CLANG_ANALYZER_NUMBER_OBJECT_CONVERSION = YES_AGGRESSIVE;
				CLANG_CXX_LANGUAGE_STANDARD = "gnu++14";
				CLANG_CXX_LIBRARY = "libc++";
				CLANG_ENABLE_MODULES = YES;
				CLANG_ENABLE_OBJC_ARC = YES;
				CLANG_ENABLE_OBJC_WEAK = YES;
				CLANG_WARN_BLOCK_CAPTURE_AUTORELEASING = YES;
				CLANG_WARN_BOOL_CONVERSION = YES;
				CLANG_WARN_COMMA = YES;
				CLANG_WARN_CONSTANT_CONVERSION = YES;
				CLANG_WARN_DEPRECATED_OBJC_IMPLEMENTATIONS = YES;
				CLANG_WARN_DIRECT_OBJC_ISA_USAGE = YES_ERROR;
				CLANG_WARN_DOCUMENTATION_COMMENTS = YES;
				CLANG_WARN_EMPTY_BODY = YES;
				CLANG_WARN_ENUM_CONVERSION = YES;
				CLANG_WARN_INFINITE_RECURSION = YES;
				CLANG_WARN_INT_CONVERSION = YES;
				CLANG_WARN_NON_LITERAL_NULL_CONVERSION = YES;
				CLANG_WARN_OBJC_IMPLICIT_RETAIN_SELF = YES;
				CLANG_WARN_OBJC_LITERAL_CONVERSION = YES;
				CLANG_WARN_OBJC_ROOT_CLASS = YES_ERROR;
				CLANG_WARN_RANGE_LOOP_ANALYSIS = YES;
				CLANG_WARN_STRICT_PROTOTYPES = YES;
				CLANG_WARN_SUSPICIOUS_MOVE = YES;
				CLANG_WARN_UNGUARDED_AVAILABILITY = YES_AGGRESSIVE;
				CLANG_WARN_UNREACHABLE_CODE = YES;
				CLANG_WARN__DUPLICATE_METHOD_MATCH = YES;
				CODE_SIGN_IDENTITY = "iPhone Developer";
				COPY_PHASE_STRIP = NO;
				DEBUG_INFORMATION_FORMAT = "dwarf-with-dsym";
				ENABLE_NS_ASSERTIONS = NO;
				ENABLE_STRICT_OBJC_MSGSEND = YES;
				GCC_C_LANGUAGE_STANDARD = gnu11;
				GCC_NO_COMMON_BLOCKS = YES;
				GCC_WARN_64_TO_32_BIT_CONVERSION = YES;
				GCC_WARN_ABOUT_RETURN_TYPE = YES_ERROR;
				GCC_WARN_UNDECLARED_SELECTOR = YES;
				GCC_WARN_UNINITIALIZED_AUTOS = YES_AGGRESSIVE;
				GCC_WARN_UNUSED_FUNCTION = YES;
				GCC_WARN_UNUSED_VARIABLE = YES;
				IPHONEOS_DEPLOYMENT_TARGET = 11.4;
				MTL_ENABLE_DEBUG_INFO = NO;
				SDKROOT = iphoneos;
				SWIFT_COMPILATION_MODE = wholemodule;
				SWIFT_OPTIMIZATION_LEVEL = "-O";
				VALIDATE_PRODUCT = YES;
			};
			name = Release;
		};
		A6CB196E211C833A00CDEF52 /* Debug */ = {
			isa = XCBuildConfiguration;
			buildSettings = {
				ASSETCATALOG_COMPILER_APPICON_NAME = AppIcon;
				CODE_SIGN_STYLE = Automatic;
				INFOPLIST_FILE = Demo/Info.plist;
				IPHONEOS_DEPLOYMENT_TARGET = 9.0;
				LD_RUNPATH_SEARCH_PATHS = (
					"$(inherited)",
					"@executable_path/Frameworks",
				);
				PRODUCT_BUNDLE_IDENTIFIER = eu.kdaniel.Toasted.Demo;
				PRODUCT_NAME = "$(TARGET_NAME)";
				SWIFT_VERSION = 4.0;
				TARGETED_DEVICE_FAMILY = "1,2";
			};
			name = Debug;
		};
		A6CB196F211C833A00CDEF52 /* Release */ = {
			isa = XCBuildConfiguration;
			buildSettings = {
				ASSETCATALOG_COMPILER_APPICON_NAME = AppIcon;
				CODE_SIGN_STYLE = Automatic;
				INFOPLIST_FILE = Demo/Info.plist;
				IPHONEOS_DEPLOYMENT_TARGET = 9.0;
				LD_RUNPATH_SEARCH_PATHS = (
					"$(inherited)",
					"@executable_path/Frameworks",
				);
				PRODUCT_BUNDLE_IDENTIFIER = eu.kdaniel.Toasted.Demo;
				PRODUCT_NAME = "$(TARGET_NAME)";
				SWIFT_VERSION = 4.0;
				TARGETED_DEVICE_FAMILY = "1,2";
			};
			name = Release;
		};
		A6CB1971211C833A00CDEF52 /* Debug */ = {
			isa = XCBuildConfiguration;
			buildSettings = {
				ALWAYS_EMBED_SWIFT_STANDARD_LIBRARIES = YES;
				BUNDLE_LOADER = "$(TEST_HOST)";
				CODE_SIGN_STYLE = Automatic;
				INFOPLIST_FILE = DemoTests/Info.plist;
				LD_RUNPATH_SEARCH_PATHS = (
					"$(inherited)",
					"@executable_path/Frameworks",
					"@loader_path/Frameworks",
				);
				PRODUCT_BUNDLE_IDENTIFIER = eu.kdaniel.Toasted.DemoTests;
				PRODUCT_NAME = "$(TARGET_NAME)";
				SWIFT_VERSION = 4.0;
				TARGETED_DEVICE_FAMILY = "1,2";
				TEST_HOST = "$(BUILT_PRODUCTS_DIR)/Demo.app/Demo";
			};
			name = Debug;
		};
		A6CB1972211C833A00CDEF52 /* Release */ = {
			isa = XCBuildConfiguration;
			buildSettings = {
				ALWAYS_EMBED_SWIFT_STANDARD_LIBRARIES = YES;
				BUNDLE_LOADER = "$(TEST_HOST)";
				CODE_SIGN_STYLE = Automatic;
				INFOPLIST_FILE = DemoTests/Info.plist;
				LD_RUNPATH_SEARCH_PATHS = (
					"$(inherited)",
					"@executable_path/Frameworks",
					"@loader_path/Frameworks",
				);
				PRODUCT_BUNDLE_IDENTIFIER = eu.kdaniel.Toasted.DemoTests;
				PRODUCT_NAME = "$(TARGET_NAME)";
				SWIFT_VERSION = 4.0;
				TARGETED_DEVICE_FAMILY = "1,2";
				TEST_HOST = "$(BUILT_PRODUCTS_DIR)/Demo.app/Demo";
			};
			name = Release;
		};
		A6CB1974211C833A00CDEF52 /* Debug */ = {
			isa = XCBuildConfiguration;
			buildSettings = {
				ALWAYS_EMBED_SWIFT_STANDARD_LIBRARIES = YES;
				CODE_SIGN_STYLE = Automatic;
				INFOPLIST_FILE = DemoUITests/Info.plist;
				LD_RUNPATH_SEARCH_PATHS = (
					"$(inherited)",
					"@executable_path/Frameworks",
					"@loader_path/Frameworks",
				);
				PRODUCT_BUNDLE_IDENTIFIER = eu.kdaniel.Toasted.DemoUITests;
				PRODUCT_NAME = "$(TARGET_NAME)";
				SWIFT_VERSION = 4.0;
				TARGETED_DEVICE_FAMILY = "1,2";
				TEST_TARGET_NAME = Demo;
			};
			name = Debug;
		};
		A6CB1975211C833A00CDEF52 /* Release */ = {
			isa = XCBuildConfiguration;
			buildSettings = {
				ALWAYS_EMBED_SWIFT_STANDARD_LIBRARIES = YES;
				CODE_SIGN_STYLE = Automatic;
				INFOPLIST_FILE = DemoUITests/Info.plist;
				LD_RUNPATH_SEARCH_PATHS = (
					"$(inherited)",
					"@executable_path/Frameworks",
					"@loader_path/Frameworks",
				);
				PRODUCT_BUNDLE_IDENTIFIER = eu.kdaniel.Toasted.DemoUITests;
				PRODUCT_NAME = "$(TARGET_NAME)";
				SWIFT_VERSION = 4.0;
				TARGETED_DEVICE_FAMILY = "1,2";
				TEST_TARGET_NAME = Demo;
			};
			name = Release;
		};
/* End XCBuildConfiguration section */

/* Begin XCConfigurationList section */
		A6CB1940211C833900CDEF52 /* Build configuration list for PBXProject "Demo" */ = {
			isa = XCConfigurationList;
			buildConfigurations = (
				A6CB196B211C833A00CDEF52 /* Debug */,
				A6CB196C211C833A00CDEF52 /* Release */,
			);
			defaultConfigurationIsVisible = 0;
			defaultConfigurationName = Release;
		};
		A6CB196D211C833A00CDEF52 /* Build configuration list for PBXNativeTarget "Demo" */ = {
			isa = XCConfigurationList;
			buildConfigurations = (
				A6CB196E211C833A00CDEF52 /* Debug */,
				A6CB196F211C833A00CDEF52 /* Release */,
			);
			defaultConfigurationIsVisible = 0;
			defaultConfigurationName = Release;
		};
		A6CB1970211C833A00CDEF52 /* Build configuration list for PBXNativeTarget "DemoTests" */ = {
			isa = XCConfigurationList;
			buildConfigurations = (
				A6CB1971211C833A00CDEF52 /* Debug */,
				A6CB1972211C833A00CDEF52 /* Release */,
			);
			defaultConfigurationIsVisible = 0;
			defaultConfigurationName = Release;
		};
		A6CB1973211C833A00CDEF52 /* Build configuration list for PBXNativeTarget "DemoUITests" */ = {
			isa = XCConfigurationList;
			buildConfigurations = (
				A6CB1974211C833A00CDEF52 /* Debug */,
				A6CB1975211C833A00CDEF52 /* Release */,
			);
			defaultConfigurationIsVisible = 0;
			defaultConfigurationName = Release;
		};
/* End XCConfigurationList section */
	};
	rootObject = A6CB193D211C833900CDEF52 /* Project object */;
}
